{
  "name": "@xmpp/connection",
  "version": "0.12.1",
  "lockfileVersion": 1,
  "requires": true,
  "dependencies": {
    "@xmpp/error": {
      "version": "0.12.1",
      "resolved": "https://registry.npmjs.org/@xmpp/error/-/error-0.12.1.tgz",
      "integrity": "sha512-n5UyU25Pl6x1GMAX5tuJPmY9I+cM03iQF06ENOPxPHHLf3TBnoCtpJRP/oONHXK84vpxU9uJBuMAMHWIaWprrQ=="
    },
    "@xmpp/events": {
      "version": "0.12.1",
      "resolved": "https://registry.npmjs.org/@xmpp/events/-/events-0.12.1.tgz",
      "integrity": "sha512-8kSwhY4ZxuXVG9QCAdQZijJvde0+/VBHZJw0Ase1ZcrBjlL46UfRwVNpru7SBZMIZB8CLav4AaArzlTFDRJljg==",
      "requires": {
        "events": "^3.3.0"
      }
    },
    "@xmpp/jid": {
      "version": "0.12.1",
      "resolved": "https://registry.npmjs.org/@xmpp/jid/-/jid-0.12.1.tgz",
      "integrity": "sha512-PdXJy17Os5ADr03I+JXIWYLExEZjTW7AH23CwvbS8kLQh/CNrfhbFynW9krUZ4Lf4YAFn88oOsFsQRNgsAj/Vw=="
    },
    "@xmpp/xml": {
      "version": "0.12.1",
      "resolved": "https://registry.npmjs.org/@xmpp/xml/-/xml-0.12.1.tgz",
      "integrity": "sha512-3SIr/jmyHDMkCzOtcH03YG9qTAJeE7auPg/V7e9tJrhiW329hNMhg8+VAO72Tp1AOi5bMhma09ACRS2Y9bMOKA==",
      "requires": {
        "ltx": "^2.10.0"
      }
    },
    "events": {
      "version": "3.3.0",
      "resolved": "https://registry.npmjs.org/events/-/events-3.3.0.tgz",
      "integrity": "sha512-mQw+2fkQbALzQ7V0MY0IqdnXNOeTtP4r0lN9z7AAawCXgqea7bDii20AYrIBrFd/Hx0M2Ocz6S111CaFkUcb0Q=="
    },
    "inherits": {
      "version": "2.0.4",
      "resolved": "https://registry.npmjs.org/inherits/-/inherits-2.0.4.tgz",
      "integrity": "sha512-k/vGaX4/Yla3WzyMCvTQOXYeIHvqOKtnqBduzTHpzpQZzAskKMhZ2K+EnBiSM9zGSoIFeMpXKxa4dYeZIQqewQ=="
    },
    "ltx": {
      "version": "2.10.0",
      "resolved": "https://registry.npmjs.org/ltx/-/ltx-2.10.0.tgz",
      "integrity": "sha512-RB4zR6Mrp/0wTNS9WxMvpgfht/7u/8QAC9DpPD19opL/4OASPa28uoliFqeDkLUU8pQ4aeAfATBZmz1aSAHkMw==",
      "requires": {
        "inherits": "^2.0.4"
      }
    }
  }
}
